
Microsoft Visual Studio Solution File, Format Version 12.00
# Visual Studio Version 17
VisualStudioVersion = 17.14.36915.13 d17.14
MinimumVisualStudioVersion = 10.0.40219.1
Project("{FAE04EC0-301F-11D3-BF4B-00C04F79EFBC}") = "WindowsFormsApp1", "WindowsFormsApp1\WindowsFormsApp1.csproj", "{F2CF3DED-6EB7-4AEF-89E5-17DFF40459BF}"
EndProject
Global
	GlobalSection(SolutionConfigurationPlatforms) = preSolution
		Debug|Any CPU = Debug|Any CPU
		Release|Any CPU = Release|Any CPU
	EndGlobalSection
	GlobalSection(ProjectConfigurationPlatforms) = postSolution
		{F2CF3DED-6EB7-4AEF-89E5-17DFF40459BF}.Debug|Any CPU.ActiveCfg = Debug|Any CPU
		{F2CF3DED-6EB7-4AEF-89E5-17DFF40459BF}.Debug|Any CPU.Build.0 = Debug|Any CPU
		{F2CF3DED-6EB7-4AEF-89E5-17DFF40459BF}.Release|Any CPU.ActiveCfg = Release|Any CPU
		{F2CF3DED-6EB7-4AEF-89E5-17DFF40459BF}.Release|Any CPU.Build.0 = Release|Any CPU
	EndGlobalSection
	GlobalSection(SolutionProperties) = preSolution
		HideSolutionNode = FALSE
	EndGlobalSection
	GlobalSection(ExtensibilityGlobals) = postSolution
		SolutionGuid = {F1B1F47C-3629-4148-89CC-A0B97DAB328F}
	EndGlobalSection
EndGlobal
