
Microsoft Visual Studio Solution File, Format Version 12.00
# Visual Studio Version 17
VisualStudioVersion = 17.14.36915.13 d17.14
MinimumVisualStudioVersion = 10.0.40219.1
Project("{FAE04EC0-301F-11D3-BF4B-00C04F79EFBC}") = "WindowsFormsApp3", "WindowsFormsApp3\WindowsFormsApp3.csproj", "{3C83F17F-DDE9-42B6-B55E-453D8B45AD3A}"
EndProject
Global
	GlobalSection(SolutionConfigurationPlatforms) = preSolution
		Debug|Any CPU = Debug|Any CPU
		Release|Any CPU = Release|Any CPU
	EndGlobalSection
	GlobalSection(ProjectConfigurationPlatforms) = postSolution
		{3C83F17F-DDE9-42B6-B55E-453D8B45AD3A}.Debug|Any CPU.ActiveCfg = Debug|Any CPU
		{3C83F17F-DDE9-42B6-B55E-453D8B45AD3A}.Debug|Any CPU.Build.0 = Debug|Any CPU
		{3C83F17F-DDE9-42B6-B55E-453D8B45AD3A}.Release|Any CPU.ActiveCfg = Release|Any CPU
		{3C83F17F-DDE9-42B6-B55E-453D8B45AD3A}.Release|Any CPU.Build.0 = Release|Any CPU
	EndGlobalSection
	GlobalSection(SolutionProperties) = preSolution
		HideSolutionNode = FALSE
	EndGlobalSection
	GlobalSection(ExtensibilityGlobals) = postSolution
		SolutionGuid = {61B8A225-8E77-4541-85D6-87B8546FC8A5}
	EndGlobalSection
EndGlobal
