
Microsoft Visual Studio Solution File, Format Version 12.00
# Visual Studio Version 17
VisualStudioVersion = 17.14.36915.13 d17.14
MinimumVisualStudioVersion = 10.0.40219.1
Project("{FAE04EC0-301F-11D3-BF4B-00C04F79EFBC}") = "WindowsFormsApp1", "WindowsFormsApp1\WindowsFormsApp1.csproj", "{CE57142A-04D3-4489-B028-7CFF11BD6D09}"
EndProject
Global
	GlobalSection(SolutionConfigurationPlatforms) = preSolution
		Debug|Any CPU = Debug|Any CPU
		Release|Any CPU = Release|Any CPU
	EndGlobalSection
	GlobalSection(ProjectConfigurationPlatforms) = postSolution
		{CE57142A-04D3-4489-B028-7CFF11BD6D09}.Debug|Any CPU.ActiveCfg = Debug|Any CPU
		{CE57142A-04D3-4489-B028-7CFF11BD6D09}.Debug|Any CPU.Build.0 = Debug|Any CPU
		{CE57142A-04D3-4489-B028-7CFF11BD6D09}.Release|Any CPU.ActiveCfg = Release|Any CPU
		{CE57142A-04D3-4489-B028-7CFF11BD6D09}.Release|Any CPU.Build.0 = Release|Any CPU
	EndGlobalSection
	GlobalSection(SolutionProperties) = preSolution
		HideSolutionNode = FALSE
	EndGlobalSection
	GlobalSection(ExtensibilityGlobals) = postSolution
		SolutionGuid = {D677E6FD-DDFE-467F-A650-DB34F986A45F}
	EndGlobalSection
EndGlobal
