
Microsoft Visual Studio Solution File, Format Version 12.00
# Visual Studio Version 17
VisualStudioVersion = 17.14.36915.13 d17.14
MinimumVisualStudioVersion = 10.0.40219.1
Project("{FAE04EC0-301F-11D3-BF4B-00C04F79EFBC}") = "系上專案", "系上專案\系上專案.csproj", "{BF806D4D-8FF3-43CF-809E-BF6E2EBF2E8D}"
EndProject
Global
	GlobalSection(SolutionConfigurationPlatforms) = preSolution
		Debug|Any CPU = Debug|Any CPU
		Release|Any CPU = Release|Any CPU
	EndGlobalSection
	GlobalSection(ProjectConfigurationPlatforms) = postSolution
		{BF806D4D-8FF3-43CF-809E-BF6E2EBF2E8D}.Debug|Any CPU.ActiveCfg = Debug|Any CPU
		{BF806D4D-8FF3-43CF-809E-BF6E2EBF2E8D}.Debug|Any CPU.Build.0 = Debug|Any CPU
		{BF806D4D-8FF3-43CF-809E-BF6E2EBF2E8D}.Release|Any CPU.ActiveCfg = Release|Any CPU
		{BF806D4D-8FF3-43CF-809E-BF6E2EBF2E8D}.Release|Any CPU.Build.0 = Release|Any CPU
	EndGlobalSection
	GlobalSection(SolutionProperties) = preSolution
		HideSolutionNode = FALSE
	EndGlobalSection
	GlobalSection(ExtensibilityGlobals) = postSolution
		SolutionGuid = {6A4BEE3C-BD81-41F6-A200-5326AB1B5B8A}
	EndGlobalSection
EndGlobal
