
Microsoft Visual Studio Solution File, Format Version 12.00
# Visual Studio Version 17
VisualStudioVersion = 17.14.36915.13 d17.14
MinimumVisualStudioVersion = 10.0.40219.1
Project("{FAE04EC0-301F-11D3-BF4B-00C04F79EFBC}") = "ConsoleApp_0504", "ConsoleApp_0504.csproj", "{8ACCF7C3-B20C-4407-BFBC-B8F9231D08A9}"
EndProject
Global
	GlobalSection(SolutionConfigurationPlatforms) = preSolution
		Debug|Any CPU = Debug|Any CPU
		Release|Any CPU = Release|Any CPU
	EndGlobalSection
	GlobalSection(ProjectConfigurationPlatforms) = postSolution
		{8ACCF7C3-B20C-4407-BFBC-B8F9231D08A9}.Debug|Any CPU.ActiveCfg = Debug|Any CPU
		{8ACCF7C3-B20C-4407-BFBC-B8F9231D08A9}.Debug|Any CPU.Build.0 = Debug|Any CPU
		{8ACCF7C3-B20C-4407-BFBC-B8F9231D08A9}.Release|Any CPU.ActiveCfg = Release|Any CPU
		{8ACCF7C3-B20C-4407-BFBC-B8F9231D08A9}.Release|Any CPU.Build.0 = Release|Any CPU
	EndGlobalSection
	GlobalSection(SolutionProperties) = preSolution
		HideSolutionNode = FALSE
	EndGlobalSection
	GlobalSection(ExtensibilityGlobals) = postSolution
		SolutionGuid = {94A68561-3DE5-4B9F-8D41-784A55641BB8}
	EndGlobalSection
EndGlobal
